
Microsoft Visual Studio Solution File, Format Version 12.00
# Visual Studio Version 17
VisualStudioVersion = 17.6.33723.286
MinimumVisualStudioVersion = 10.0.40219.1
Project("{9A19103F-16F7-4668-BE54-9A1E7A4F7556}") = "BlogsWebApp", "BlogsWebApp\BlogsWebApp.csproj", "{F7B08A98-D53D-47E5-98D3-587416BBDE4F}"
EndProject
Global
	GlobalSection(SolutionConfigurationPlatforms) = preSolution
		Debug|Any CPU = Debug|Any CPU
		Release|Any CPU = Release|Any CPU
	EndGlobalSection
	GlobalSection(ProjectConfigurationPlatforms) = postSolution
		{F7B08A98-D53D-47E5-98D3-587416BBDE4F}.Debug|Any CPU.ActiveCfg = Debug|Any CPU
		{F7B08A98-D53D-47E5-98D3-587416BBDE4F}.Debug|Any CPU.Build.0 = Debug|Any CPU
		{F7B08A98-D53D-47E5-98D3-587416BBDE4F}.Release|Any CPU.ActiveCfg = Release|Any CPU
		{F7B08A98-D53D-47E5-98D3-587416BBDE4F}.Release|Any CPU.Build.0 = Release|Any CPU
	EndGlobalSection
	GlobalSection(SolutionProperties) = preSolution
		HideSolutionNode = FALSE
	EndGlobalSection
	GlobalSection(ExtensibilityGlobals) = postSolution
		SolutionGuid = {21A020A3-603F-45DB-85FE-6CEDD9D7A41B}
	EndGlobalSection
EndGlobal
